
Microsoft Visual Studio Solution File, Format Version 12.00
# Visual Studio Version 17
VisualStudioVersion = 17.12.35527.113
MinimumVisualStudioVersion = 10.0.40219.1
Project("{FAE04EC0-301F-11D3-BF4B-00C04F79EFBC}") = "ToDoList.Mobile", "ToDoList.Mobile\ToDoList.Mobile.csproj", "{6B60BE18-693F-46B2-9AD4-31271A4BA28C}"
EndProject
Project("{FAE04EC0-301F-11D3-BF4B-00C04F79EFBC}") = "ToDoList.Data", "ToDoList.Data\ToDoList.Data.csproj", "{845D24FF-7E3D-4072-995F-1699634EF7BF}"
EndProject
Global
	GlobalSection(SolutionConfigurationPlatforms) = preSolution
		Debug|Any CPU = Debug|Any CPU
		Release|Any CPU = Release|Any CPU
	EndGlobalSection
	GlobalSection(ProjectConfigurationPlatforms) = postSolution
		{6B60BE18-693F-46B2-9AD4-31271A4BA28C}.Debug|Any CPU.ActiveCfg = Debug|Any CPU
		{6B60BE18-693F-46B2-9AD4-31271A4BA28C}.Debug|Any CPU.Build.0 = Debug|Any CPU
		{6B60BE18-693F-46B2-9AD4-31271A4BA28C}.Debug|Any CPU.Deploy.0 = Debug|Any CPU
		{6B60BE18-693F-46B2-9AD4-31271A4BA28C}.Release|Any CPU.ActiveCfg = Release|Any CPU
		{6B60BE18-693F-46B2-9AD4-31271A4BA28C}.Release|Any CPU.Build.0 = Release|Any CPU
		{845D24FF-7E3D-4072-995F-1699634EF7BF}.Debug|Any CPU.ActiveCfg = Debug|Any CPU
		{845D24FF-7E3D-4072-995F-1699634EF7BF}.Debug|Any CPU.Build.0 = Debug|Any CPU
		{845D24FF-7E3D-4072-995F-1699634EF7BF}.Release|Any CPU.ActiveCfg = Release|Any CPU
		{845D24FF-7E3D-4072-995F-1699634EF7BF}.Release|Any CPU.Build.0 = Release|Any CPU
	EndGlobalSection
	GlobalSection(SolutionProperties) = preSolution
		HideSolutionNode = FALSE
	EndGlobalSection
EndGlobal
